// !$*UTF8*$!
{
	archiveVersion = 1;
	classes = {
	};
	objectVersion = 55;
	objects = {

/* Begin PBXBuildFile section */
		84706897297195E500E21BE6 /* SwiftUiStateApp.swift in Sources */ = {isa = PBXBuildFile; fileRef = 84706896297195E500E21BE6 /* SwiftUiStateApp.swift */; };
		84706899297195E500E21BE6 /* ContentView.swift in Sources */ = {isa = PBXBuildFile; fileRef = 84706898297195E500E21BE6 /* ContentView.swift */; };
		8470689B297195EC00E21BE6 /* Assets.xcassets in Resources */ = {isa = PBXBuildFile; fileRef = 8470689A297195EC00E21BE6 /* Assets.xcassets */; };
		8470689E297195EC00E21BE6 /* Preview Assets.xcassets in Resources */ = {isa = PBXBuildFile; fileRef = 8470689D297195EC00E21BE6 /* Preview Assets.xcassets */; };
		847068A8297195ED00E21BE6 /* SwiftUiStateTests.swift in Sources */ = {isa = PBXBuildFile; fileRef = 847068A7297195ED00E21BE6 /* SwiftUiStateTests.swift */; };
		847068B2297195ED00E21BE6 /* SwiftUiStateUITests.swift in Sources */ = {isa = PBXBuildFile; fileRef = 847068B1297195ED00E21BE6 /* SwiftUiStateUITests.swift */; };
		847068B4297195ED00E21BE6 /* SwiftUiStateUITestsLaunchTests.swift in Sources */ = {isa = PBXBuildFile; fileRef = 847068B3297195ED00E21BE6 /* SwiftUiStateUITestsLaunchTests.swift */; };
/* End PBXBuildFile section */

/* Begin PBXContainerItemProxy section */
		847068A4297195ED00E21BE6 /* PBXContainerItemProxy */ = {
			isa = PBXContainerItemProxy;
			containerPortal = 8470688B297195E500E21BE6 /* Project object */;
			proxyType = 1;
			remoteGlobalIDString = 84706892297195E500E21BE6;
			remoteInfo = SwiftUiState;
		};
		847068AE297195ED00E21BE6 /* PBXContainerItemProxy */ = {
			isa = PBXContainerItemProxy;
			containerPortal = 8470688B297195E500E21BE6 /* Project object */;
			proxyType = 1;
			remoteGlobalIDString = 84706892297195E500E21BE6;
			remoteInfo = SwiftUiState;
		};
/* End PBXContainerItemProxy section */

/* Begin PBXFileReference section */
		84706893297195E500E21BE6 /* SwiftUiState.app */ = {isa = PBXFileReference; explicitFileType = wrapper.application; includeInIndex = 0; path = SwiftUiState.app; sourceTree = BUILT_PRODUCTS_DIR; };
		84706896297195E500E21BE6 /* SwiftUiStateApp.swift */ = {isa = PBXFileReference; lastKnownFileType = sourcecode.swift; path = SwiftUiStateApp.swift; sourceTree = "<group>"; };
		84706898297195E500E21BE6 /* ContentView.swift */ = {isa = PBXFileReference; lastKnownFileType = sourcecode.swift; path = ContentView.swift; sourceTree = "<group>"; };
		8470689A297195EC00E21BE6 /* Assets.xcassets */ = {isa = PBXFileReference; lastKnownFileType = folder.assetcatalog; path = Assets.xcassets; sourceTree = "<group>"; };
		8470689D297195EC00E21BE6 /* Preview Assets.xcassets */ = {isa = PBXFileReference; lastKnownFileType = folder.assetcatalog; path = "Preview Assets.xcassets"; sourceTree = "<group>"; };
		847068A3297195ED00E21BE6 /* SwiftUiStateTests.xctest */ = {isa = PBXFileReference; explicitFileType = wrapper.cfbundle; includeInIndex = 0; path = SwiftUiStateTests.xctest; sourceTree = BUILT_PRODUCTS_DIR; };
		847068A7297195ED00E21BE6 /* SwiftUiStateTests.swift */ = {isa = PBXFileReference; lastKnownFileType = sourcecode.swift; path = SwiftUiStateTests.swift; sourceTree = "<group>"; };
		847068AD297195ED00E21BE6 /* SwiftUiStateUITests.xctest */ = {isa = PBXFileReference; explicitFileType = wrapper.cfbundle; includeInIndex = 0; path = SwiftUiStateUITests.xctest; sourceTree = BUILT_PRODUCTS_DIR; };
		847068B1297195ED00E21BE6 /* SwiftUiStateUITests.swift */ = {isa = PBXFileReference; lastKnownFileType = sourcecode.swift; path = SwiftUiStateUITests.swift; sourceTree = "<group>"; };
		847068B3297195ED00E21BE6 /* SwiftUiStateUITestsLaunchTests.swift */ = {isa = PBXFileReference; lastKnownFileType = sourcecode.swift; path = SwiftUiStateUITestsLaunchTests.swift; sourceTree = "<group>"; };
/* End PBXFileReference section */

/* Begin PBXFrameworksBuildPhase section */
		84706890297195E500E21BE6 /* Frameworks */ = {
			isa = PBXFrameworksBuildPhase;
			buildActionMask = 2147483647;
			files = (
			);
			runOnlyForDeploymentPostprocessing = 0;
		};
		847068A0297195ED00E21BE6 /* Frameworks */ = {
			isa = PBXFrameworksBuildPhase;
			buildActionMask = 2147483647;
			files = (
			);
			runOnlyForDeploymentPostprocessing = 0;
		};
		847068AA297195ED00E21BE6 /* Frameworks */ = {
			isa = PBXFrameworksBuildPhase;
			buildActionMask = 2147483647;
			files = (
			);
			runOnlyForDeploymentPostprocessing = 0;
		};
/* End PBXFrameworksBuildPhase section */

/* Begin PBXGroup section */
		8470688A297195E500E21BE6 = {
			isa = PBXGroup;
			children = (
				84706895297195E500E21BE6 /* SwiftUiState */,
				847068A6297195ED00E21BE6 /* SwiftUiStateTests */,
				847068B0297195ED00E21BE6 /* SwiftUiStateUITests */,
				84706894297195E500E21BE6 /* Products */,
			);
			sourceTree = "<group>";
		};
		84706894297195E500E21BE6 /* Products */ = {
			isa = PBXGroup;
			children = (
				84706893297195E500E21BE6 /* SwiftUiState.app */,
				847068A3297195ED00E21BE6 /* SwiftUiStateTests.xctest */,
				847068AD297195ED00E21BE6 /* SwiftUiStateUITests.xctest */,
			);
			name = Products;
			sourceTree = "<group>";
		};
		84706895297195E500E21BE6 /* SwiftUiState */ = {
			isa = PBXGroup;
			children = (
				84706896297195E500E21BE6 /* SwiftUiStateApp.swift */,
				84706898297195E500E21BE6 /* ContentView.swift */,
				8470689A297195EC00E21BE6 /* Assets.xcassets */,
				8470689C297195EC00E21BE6 /* Preview Content */,
			);
			path = SwiftUiState;
			sourceTree = "<group>";
		};
		8470689C297195EC00E21BE6 /* Preview Content */ = {
			isa = PBXGroup;
			children = (
				8470689D297195EC00E21BE6 /* Preview Assets.xcassets */,
			);
			path = "Preview Content";
			sourceTree = "<group>";
		};
		847068A6297195ED00E21BE6 /* SwiftUiStateTests */ = {
			isa = PBXGroup;
			children = (
				847068A7297195ED00E21BE6 /* SwiftUiStateTests.swift */,
			);
			path = SwiftUiStateTests;
			sourceTree = "<group>";
		};
		847068B0297195ED00E21BE6 /* SwiftUiStateUITests */ = {
			isa = PBXGroup;
			children = (
				847068B1297195ED00E21BE6 /* SwiftUiStateUITests.swift */,
				847068B3297195ED00E21BE6 /* SwiftUiStateUITestsLaunchTests.swift */,
			);
			path = SwiftUiStateUITests;
			sourceTree = "<group>";
		};
/* End PBXGroup section */

/* Begin PBXNativeTarget section */
		84706892297195E500E21BE6 /* SwiftUiState */ = {
			isa = PBXNativeTarget;
			buildConfigurationList = 847068B7297195ED00E21BE6 /* Build configuration list for PBXNativeTarget "SwiftUiState" */;
			buildPhases = (
				8470688F297195E500E21BE6 /* Sources */,
				84706890297195E500E21BE6 /* Frameworks */,
				84706891297195E500E21BE6 /* Resources */,
			);
			buildRules = (
			);
			dependencies = (
			);
			name = SwiftUiState;
			productName = SwiftUiState;
			productReference = 84706893297195E500E21BE6 /* SwiftUiState.app */;
			productType = "com.apple.product-type.application";
		};
		847068A2297195ED00E21BE6 /* SwiftUiStateTests */ = {
			isa = PBXNativeTarget;
			buildConfigurationList = 847068BA297195ED00E21BE6 /* Build configuration list for PBXNativeTarget "SwiftUiStateTests" */;
			buildPhases = (
				8470689F297195ED00E21BE6 /* Sources */,
				847068A0297195ED00E21BE6 /* Frameworks */,
				847068A1297195ED00E21BE6 /* Resources */,
			);
			buildRules = (
			);
			dependencies = (
				847068A5297195ED00E21BE6 /* PBXTargetDependency */,
			);
			name = SwiftUiStateTests;
			productName = SwiftUiStateTests;
			productReference = 847068A3297195ED00E21BE6 /* SwiftUiStateTests.xctest */;
			productType = "com.apple.product-type.bundle.unit-test";
		};
		847068AC297195ED00E21BE6 /* SwiftUiStateUITests */ = {
			isa = PBXNativeTarget;
			buildConfigurationList = 847068BD297195ED00E21BE6 /* Build configuration list for PBXNativeTarget "SwiftUiStateUITests" */;
			buildPhases = (
				847068A9297195ED00E21BE6 /* Sources */,
				847068AA297195ED00E21BE6 /* Frameworks */,
				847068AB297195ED00E21BE6 /* Resources */,
			);
			buildRules = (
			);
			dependencies = (
				847068AF297195ED00E21BE6 /* PBXTargetDependency */,
			);
			name = SwiftUiStateUITests;
			productName = SwiftUiStateUITests;
			productReference = 847068AD297195ED00E21BE6 /* SwiftUiStateUITests.xctest */;
			productType = "com.apple.product-type.bundle.ui-testing";
		};
/* End PBXNativeTarget section */

/* Begin PBXProject section */
		8470688B297195E500E21BE6 /* Project object */ = {
			isa = PBXProject;
			attributes = {
				BuildIndependentTargetsInParallel = 1;
				LastSwiftUpdateCheck = 1300;
				LastUpgradeCheck = 1300;
				TargetAttributes = {
					84706892297195E500E21BE6 = {
						CreatedOnToolsVersion = 13.0;
					};
					847068A2297195ED00E21BE6 = {
						CreatedOnToolsVersion = 13.0;
						TestTargetID = 84706892297195E500E21BE6;
					};
					847068AC297195ED00E21BE6 = {
						CreatedOnToolsVersion = 13.0;
						TestTargetID = 84706892297195E500E21BE6;
					};
				};
			};
			buildConfigurationList = 8470688E297195E500E21BE6 /* Build configuration list for PBXProject "SwiftUiState" */;
			compatibilityVersion = "Xcode 13.0";
			developmentRegion = en;
			hasScannedForEncodings = 0;
			knownRegions = (
				en,
				Base,
			);
			mainGroup = 8470688A297195E500E21BE6;
			productRefGroup = 84706894297195E500E21BE6 /* Products */;
			projectDirPath = "";
			projectRoot = "";
			targets = (
				84706892297195E500E21BE6 /* SwiftUiState */,
				847068A2297195ED00E21BE6 /* SwiftUiStateTests */,
				847068AC297195ED00E21BE6 /* SwiftUiStateUITests */,
			);
		};
/* End PBXProject section */

/* Begin PBXResourcesBuildPhase section */
		84706891297195E500E21BE6 /* Resources */ = {
			isa = PBXResourcesBuildPhase;
			buildActionMask = 2147483647;
			files = (
				8470689E297195EC00E21BE6 /* Preview Assets.xcassets in Resources */,
				8470689B297195EC00E21BE6 /* Assets.xcassets in Resources */,
			);
			runOnlyForDeploymentPostprocessing = 0;
		};
		847068A1297195ED00E21BE6 /* Resources */ = {
			isa = PBXResourcesBuildPhase;
			buildActionMask = 2147483647;
			files = (
			);
			runOnlyForDeploymentPostprocessing = 0;
		};
		847068AB297195ED00E21BE6 /* Resources */ = {
			isa = PBXResourcesBuildPhase;
			buildActionMask = 2147483647;
			files = (
			);
			runOnlyForDeploymentPostprocessing = 0;
		};
/* End PBXResourcesBuildPhase section */

/* Begin PBXSourcesBuildPhase section */
		8470688F297195E500E21BE6 /* Sources */ = {
			isa = PBXSourcesBuildPhase;
			buildActionMask = 2147483647;
			files = (
				84706899297195E500E21BE6 /* ContentView.swift in Sources */,
				84706897297195E500E21BE6 /* SwiftUiStateApp.swift in Sources */,
			);
			runOnlyForDeploymentPostprocessing = 0;
		};
		8470689F297195ED00E21BE6 /* Sources */ = {
			isa = PBXSourcesBuildPhase;
			buildActionMask = 2147483647;
			files = (
				847068A8297195ED00E21BE6 /* SwiftUiStateTests.swift in Sources */,
			);
			runOnlyForDeploymentPostprocessing = 0;
		};
		847068A9297195ED00E21BE6 /* Sources */ = {
			isa = PBXSourcesBuildPhase;
			buildActionMask = 2147483647;
			files = (
				847068B4297195ED00E21BE6 /* SwiftUiStateUITestsLaunchTests.swift in Sources */,
				847068B2297195ED00E21BE6 /* SwiftUiStateUITests.swift in Sources */,
			);
			runOnlyForDeploymentPostprocessing = 0;
		};
/* End PBXSourcesBuildPhase section */

/* Begin PBXTargetDependency section */
		847068A5297195ED00E21BE6 /* PBXTargetDependency */ = {
			isa = PBXTargetDependency;
			target = 84706892297195E500E21BE6 /* SwiftUiState */;
			targetProxy = 847068A4297195ED00E21BE6 /* PBXContainerItemProxy */;
		};
		847068AF297195ED00E21BE6 /* PBXTargetDependency */ = {
			isa = PBXTargetDependency;
			target = 84706892297195E500E21BE6 /* SwiftUiState */;
			targetProxy = 847068AE297195ED00E21BE6 /* PBXContainerItemProxy */;
		};
/* End PBXTargetDependency section */

/* Begin XCBuildConfiguration section */
		847068B5297195ED00E21BE6 /* Debug */ = {
			isa = XCBuildConfiguration;
			buildSettings = {
				ALWAYS_SEARCH_USER_PATHS = NO;
				CLANG_ANALYZER_NONNULL = YES;
				CLANG_ANALYZER_NUMBER_OBJECT_CONVERSION = YES_AGGRESSIVE;
				CLANG_CXX_LANGUAGE_STANDARD = "gnu++17";
				CLANG_CXX_LIBRARY = "libc++";
				CLANG_ENABLE_MODULES = YES;
				CLANG_ENABLE_OBJC_ARC = YES;
				CLANG_ENABLE_OBJC_WEAK = YES;
				CLANG_WARN_BLOCK_CAPTURE_AUTORELEASING = YES;
				CLANG_WARN_BOOL_CONVERSION = YES;
				CLANG_WARN_COMMA = YES;
				CLANG_WARN_CONSTANT_CONVERSION = YES;
				CLANG_WARN_DEPRECATED_OBJC_IMPLEMENTATIONS = YES;
				CLANG_WARN_DIRECT_OBJC_ISA_USAGE = YES_ERROR;
				CLANG_WARN_DOCUMENTATION_COMMENTS = YES;
				CLANG_WARN_EMPTY_BODY = YES;
				CLANG_WARN_ENUM_CONVERSION = YES;
				CLANG_WARN_INFINITE_RECURSION = YES;
				CLANG_WARN_INT_CONVERSION = YES;
				CLANG_WARN_NON_LITERAL_NULL_CONVERSION = YES;
				CLANG_WARN_OBJC_IMPLICIT_RETAIN_SELF = YES;
				CLANG_WARN_OBJC_LITERAL_CONVERSION = YES;
				CLANG_WARN_OBJC_ROOT_CLASS = YES_ERROR;
				CLANG_WARN_QUOTED_INCLUDE_IN_FRAMEWORK_HEADER = YES;
				CLANG_WARN_RANGE_LOOP_ANALYSIS = YES;
				CLANG_WARN_STRICT_PROTOTYPES = YES;
				CLANG_WARN_SUSPICIOUS_MOVE = YES;
				CLANG_WARN_UNGUARDED_AVAILABILITY = YES_AGGRESSIVE;
				CLANG_WARN_UNREACHABLE_CODE = YES;
				CLANG_WARN__DUPLICATE_METHOD_MATCH = YES;
				COPY_PHASE_STRIP = NO;
				DEBUG_INFORMATION_FORMAT = dwarf;
				ENABLE_STRICT_OBJC_MSGSEND = YES;
				ENABLE_TESTABILITY = YES;
				GCC_C_LANGUAGE_STANDARD = gnu11;
				GCC_DYNAMIC_NO_PIC = NO;
				GCC_NO_COMMON_BLOCKS = YES;
				GCC_OPTIMIZATION_LEVEL = 0;
				GCC_PREPROCESSOR_DEFINITIONS = (
					"DEBUG=1",
					"$(inherited)",
				);
				GCC_WARN_64_TO_32_BIT_CONVERSION = YES;
				GCC_WARN_ABOUT_RETURN_TYPE = YES_ERROR;
				GCC_WARN_UNDECLARED_SELECTOR = YES;
				GCC_WARN_UNINITIALIZED_AUTOS = YES_AGGRESSIVE;
				GCC_WARN_UNUSED_FUNCTION = YES;
				GCC_WARN_UNUSED_VARIABLE = YES;
				IPHONEOS_DEPLOYMENT_TARGET = 15.0;
				MTL_ENABLE_DEBUG_INFO = INCLUDE_SOURCE;
				MTL_FAST_MATH = YES;
				ONLY_ACTIVE_ARCH = YES;
				SDKROOT = iphoneos;
				SWIFT_ACTIVE_COMPILATION_CONDITIONS = DEBUG;
				SWIFT_OPTIMIZATION_LEVEL = "-Onone";
			};
			name = Debug;
		};
		847068B6297195ED00E21BE6 /* Release */ = {
			isa = XCBuildConfiguration;
			buildSettings = {
				ALWAYS_SEARCH_USER_PATHS = NO;
				CLANG_ANALYZER_NONNULL = YES;
				CLANG_ANALYZER_NUMBER_OBJECT_CONVERSION = YES_AGGRESSIVE;
				CLANG_CXX_LANGUAGE_STANDARD = "gnu++17";
				CLANG_CXX_LIBRARY = "libc++";
				CLANG_ENABLE_MODULES = YES;
				CLANG_ENABLE_OBJC_ARC = YES;
				CLANG_ENABLE_OBJC_WEAK = YES;
				CLANG_WARN_BLOCK_CAPTURE_AUTORELEASING = YES;
				CLANG_WARN_BOOL_CONVERSION = YES;
				CLANG_WARN_COMMA = YES;
				CLANG_WARN_CONSTANT_CONVERSION = YES;
				CLANG_WARN_DEPRECATED_OBJC_IMPLEMENTATIONS = YES;
				CLANG_WARN_DIRECT_OBJC_ISA_USAGE = YES_ERROR;
				CLANG_WARN_DOCUMENTATION_COMMENTS = YES;
				CLANG_WARN_EMPTY_BODY = YES;
				CLANG_WARN_ENUM_CONVERSION = YES;
				CLANG_WARN_INFINITE_RECURSION = YES;
				CLANG_WARN_INT_CONVERSION = YES;
				CLANG_WARN_NON_LITERAL_NULL_CONVERSION = YES;
				CLANG_WARN_OBJC_IMPLICIT_RETAIN_SELF = YES;
				CLANG_WARN_OBJC_LITERAL_CONVERSION = YES;
				CLANG_WARN_OBJC_ROOT_CLASS = YES_ERROR;
				CLANG_WARN_QUOTED_INCLUDE_IN_FRAMEWORK_HEADER = YES;
				CLANG_WARN_RANGE_LOOP_ANALYSIS = YES;
				CLANG_WARN_STRICT_PROTOTYPES = YES;
				CLANG_WARN_SUSPICIOUS_MOVE = YES;
				CLANG_WARN_UNGUARDED_AVAILABILITY = YES_AGGRESSIVE;
				CLANG_WARN_UNREACHABLE_CODE = YES;
				CLANG_WARN__DUPLICATE_METHOD_MATCH = YES;
				COPY_PHASE_STRIP = NO;
				DEBUG_INFORMATION_FORMAT = "dwarf-with-dsym";
				ENABLE_NS_ASSERTIONS = NO;
				ENABLE_STRICT_OBJC_MSGSEND = YES;
				GCC_C_LANGUAGE_STANDARD = gnu11;
				GCC_NO_COMMON_BLOCKS = YES;
				GCC_WARN_64_TO_32_BIT_CONVERSION = YES;
				GCC_WARN_ABOUT_RETURN_TYPE = YES_ERROR;
				GCC_WARN_UNDECLARED_SELECTOR = YES;
				GCC_WARN_UNINITIALIZED_AUTOS = YES_AGGRESSIVE;
				GCC_WARN_UNUSED_FUNCTION = YES;
				GCC_WARN_UNUSED_VARIABLE = YES;
				IPHONEOS_DEPLOYMENT_TARGET = 15.0;
				MTL_ENABLE_DEBUG_INFO = NO;
				MTL_FAST_MATH = YES;
				SDKROOT = iphoneos;
				SWIFT_COMPILATION_MODE = wholemodule;
				SWIFT_OPTIMIZATION_LEVEL = "-O";
				VALIDATE_PRODUCT = YES;
			};
			name = Release;
		};
		847068B8297195ED00E21BE6 /* Debug */ = {
			isa = XCBuildConfiguration;
			buildSettings = {
				ASSETCATALOG_COMPILER_APPICON_NAME = AppIcon;
				ASSETCATALOG_COMPILER_GLOBAL_ACCENT_COLOR_NAME = AccentColor;
				CODE_SIGN_STYLE = Automatic;
				CURRENT_PROJECT_VERSION = 1;
				DEVELOPMENT_ASSET_PATHS = "\"SwiftUiState/Preview Content\"";
				ENABLE_PREVIEWS = YES;
				GENERATE_INFOPLIST_FILE = YES;
				INFOPLIST_KEY_UIApplicationSceneManifest_Generation = YES;
				INFOPLIST_KEY_UIApplicationSupportsIndirectInputEvents = YES;
				INFOPLIST_KEY_UILaunchScreen_Generation = YES;
				INFOPLIST_KEY_UISupportedInterfaceOrientations_iPad = "UIInterfaceOrientationPortrait UIInterfaceOrientationPortraitUpsideDown UIInterfaceOrientationLandscapeLeft UIInterfaceOrientationLandscapeRight";
				INFOPLIST_KEY_UISupportedInterfaceOrientations_iPhone = "UIInterfaceOrientationPortrait UIInterfaceOrientationLandscapeLeft UIInterfaceOrientationLandscapeRight";
				IPHONEOS_DEPLOYMENT_TARGET = 14.0;
				LD_RUNPATH_SEARCH_PATHS = (
					"$(inherited)",
					"@executable_path/Frameworks",
				);
				MARKETING_VERSION = 1.0;
				PRODUCT_BUNDLE_IDENTIFIER = iths.SwiftUiState;
				PRODUCT_NAME = "$(TARGET_NAME)";
				SWIFT_EMIT_LOC_STRINGS = YES;
				SWIFT_VERSION = 5.0;
				TARGETED_DEVICE_FAMILY = "1,2";
			};
			name = Debug;
		};
		847068B9297195ED00E21BE6 /* Release */ = {
			isa = XCBuildConfiguration;
			buildSettings = {
				ASSETCATALOG_COMPILER_APPICON_NAME = AppIcon;
				ASSETCATALOG_COMPILER_GLOBAL_ACCENT_COLOR_NAME = AccentColor;
				CODE_SIGN_STYLE = Automatic;
				CURRENT_PROJECT_VERSION = 1;
				DEVELOPMENT_ASSET_PATHS = "\"SwiftUiState/Preview Content\"";
				ENABLE_PREVIEWS = YES;
				GENERATE_INFOPLIST_FILE = YES;
				INFOPLIST_KEY_UIApplicationSceneManifest_Generation = YES;
				INFOPLIST_KEY_UIApplicationSupportsIndirectInputEvents = YES;
				INFOPLIST_KEY_UILaunchScreen_Generation = YES;
				INFOPLIST_KEY_UISupportedInterfaceOrientations_iPad = "UIInterfaceOrientationPortrait UIInterfaceOrientationPortraitUpsideDown UIInterfaceOrientationLandscapeLeft UIInterfaceOrientationLandscapeRight";
				INFOPLIST_KEY_UISupportedInterfaceOrientations_iPhone = "UIInterfaceOrientationPortrait UIInterfaceOrientationLandscapeLeft UIInterfaceOrientationLandscapeRight";
				IPHONEOS_DEPLOYMENT_TARGET = 14.0;
				LD_RUNPATH_SEARCH_PATHS = (
					"$(inherited)",
					"@executable_path/Frameworks",
				);
				MARKETING_VERSION = 1.0;
				PRODUCT_BUNDLE_IDENTIFIER = iths.SwiftUiState;
				PRODUCT_NAME = "$(TARGET_NAME)";
				SWIFT_EMIT_LOC_STRINGS = YES;
				SWIFT_VERSION = 5.0;
				TARGETED_DEVICE_FAMILY = "1,2";
			};
			name = Release;
		};
		847068BB297195ED00E21BE6 /* Debug */ = {
			isa = XCBuildConfiguration;
			buildSettings = {
				ALWAYS_EMBED_SWIFT_STANDARD_LIBRARIES = YES;
				BUNDLE_LOADER = "$(TEST_HOST)";
				CODE_SIGN_STYLE = Automatic;
				CURRENT_PROJECT_VERSION = 1;
				GENERATE_INFOPLIST_FILE = YES;
				IPHONEOS_DEPLOYMENT_TARGET = 14.0;
				LD_RUNPATH_SEARCH_PATHS = (
					"$(inherited)",
					"@executable_path/Frameworks",
					"@loader_path/Frameworks",
				);
				MARKETING_VERSION = 1.0;
				PRODUCT_BUNDLE_IDENTIFIER = iths.SwiftUiStateTests;
				PRODUCT_NAME = "$(TARGET_NAME)";
				SWIFT_EMIT_LOC_STRINGS = NO;
				SWIFT_VERSION = 5.0;
				TARGETED_DEVICE_FAMILY = "1,2";
				TEST_HOST = "$(BUILT_PRODUCTS_DIR)/SwiftUiState.app/SwiftUiState";
			};
			name = Debug;
		};
		847068BC297195ED00E21BE6 /* Release */ = {
			isa = XCBuildConfiguration;
			buildSettings = {
				ALWAYS_EMBED_SWIFT_STANDARD_LIBRARIES = YES;
				BUNDLE_LOADER = "$(TEST_HOST)";
				CODE_SIGN_STYLE = Automatic;
				CURRENT_PROJECT_VERSION = 1;
				GENERATE_INFOPLIST_FILE = YES;
				IPHONEOS_DEPLOYMENT_TARGET = 14.0;
				LD_RUNPATH_SEARCH_PATHS = (
					"$(inherited)",
					"@executable_path/Frameworks",
					"@loader_path/Frameworks",
				);
				MARKETING_VERSION = 1.0;
				PRODUCT_BUNDLE_IDENTIFIER = iths.SwiftUiStateTests;
				PRODUCT_NAME = "$(TARGET_NAME)";
				SWIFT_EMIT_LOC_STRINGS = NO;
				SWIFT_VERSION = 5.0;
				TARGETED_DEVICE_FAMILY = "1,2";
				TEST_HOST = "$(BUILT_PRODUCTS_DIR)/SwiftUiState.app/SwiftUiState";
			};
			name = Release;
		};
		847068BE297195ED00E21BE6 /* Debug */ = {
			isa = XCBuildConfiguration;
			buildSettings = {
				ALWAYS_EMBED_SWIFT_STANDARD_LIBRARIES = YES;
				CODE_SIGN_STYLE = Automatic;
				CURRENT_PROJECT_VERSION = 1;
				GENERATE_INFOPLIST_FILE = YES;
				LD_RUNPATH_SEARCH_PATHS = (
					"$(inherited)",
					"@executable_path/Frameworks",
					"@loader_path/Frameworks",
				);
				MARKETING_VERSION = 1.0;
				PRODUCT_BUNDLE_IDENTIFIER = iths.SwiftUiStateUITests;
				PRODUCT_NAME = "$(TARGET_NAME)";
				SWIFT_EMIT_LOC_STRINGS = NO;
				SWIFT_VERSION = 5.0;
				TARGETED_DEVICE_FAMILY = "1,2";
				TEST_TARGET_NAME = SwiftUiState;
			};
			name = Debug;
		};
		847068BF297195ED00E21BE6 /* Release */ = {
			isa = XCBuildConfiguration;
			buildSettings = {
				ALWAYS_EMBED_SWIFT_STANDARD_LIBRARIES = YES;
				CODE_SIGN_STYLE = Automatic;
				CURRENT_PROJECT_VERSION = 1;
				GENERATE_INFOPLIST_FILE = YES;
				LD_RUNPATH_SEARCH_PATHS = (
					"$(inherited)",
					"@executable_path/Frameworks",
					"@loader_path/Frameworks",
				);
				MARKETING_VERSION = 1.0;
				PRODUCT_BUNDLE_IDENTIFIER = iths.SwiftUiStateUITests;
				PRODUCT_NAME = "$(TARGET_NAME)";
				SWIFT_EMIT_LOC_STRINGS = NO;
				SWIFT_VERSION = 5.0;
				TARGETED_DEVICE_FAMILY = "1,2";
				TEST_TARGET_NAME = SwiftUiState;
			};
			name = Release;
		};
/* End XCBuildConfiguration section */

/* Begin XCConfigurationList section */
		8470688E297195E500E21BE6 /* Build configuration list for PBXProject "SwiftUiState" */ = {
			isa = XCConfigurationList;
			buildConfigurations = (
				847068B5297195ED00E21BE6 /* Debug */,
				847068B6297195ED00E21BE6 /* Release */,
			);
			defaultConfigurationIsVisible = 0;
			defaultConfigurationName = Release;
		};
		847068B7297195ED00E21BE6 /* Build configuration list for PBXNativeTarget "SwiftUiState" */ = {
			isa = XCConfigurationList;
			buildConfigurations = (
				847068B8297195ED00E21BE6 /* Debug */,
				847068B9297195ED00E21BE6 /* Release */,
			);
			defaultConfigurationIsVisible = 0;
			defaultConfigurationName = Release;
		};
		847068BA297195ED00E21BE6 /* Build configuration list for PBXNativeTarget "SwiftUiStateTests" */ = {
			isa = XCConfigurationList;
			buildConfigurations = (
				847068BB297195ED00E21BE6 /* Debug */,
				847068BC297195ED00E21BE6 /* Release */,
			);
			defaultConfigurationIsVisible = 0;
			defaultConfigurationName = Release;
		};
		847068BD297195ED00E21BE6 /* Build configuration list for PBXNativeTarget "SwiftUiStateUITests" */ = {
			isa = XCConfigurationList;
			buildConfigurations = (
				847068BE297195ED00E21BE6 /* Debug */,
				847068BF297195ED00E21BE6 /* Release */,
			);
			defaultConfigurationIsVisible = 0;
			defaultConfigurationName = Release;
		};
/* End XCConfigurationList section */
	};
	rootObject = 8470688B297195E500E21BE6 /* Project object */;
}
